// !$*UTF8*$!
{
	archiveVersion = 1;
	classes = {
	};
	objectVersion = 46;
	objects = {

/* Begin PBXBuildFile section */
		701EFEA11E2A0D310021851E /* main.m in Sources */ = {isa = PBXBuildFile; fileRef = 701EFEA01E2A0D310021851E /* main.m */; };
		701EFEA41E2A0D310021851E /* AppDelegate.m in Sources */ = {isa = PBXBuildFile; fileRef = 701EFEA31E2A0D310021851E /* AppDelegate.m */; };
		701EFEA71E2A0D310021851E /* ViewController.m in Sources */ = {isa = PBXBuildFile; fileRef = 701EFEA61E2A0D310021851E /* ViewController.m */; };
		701EFEAA1E2A0D310021851E /* Main.storyboard in Resources */ = {isa = PBXBuildFile; fileRef = 701EFEA81E2A0D310021851E /* Main.storyboard */; };
		701EFEAC1E2A0D310021851E /* Assets.xcassets in Resources */ = {isa = PBXBuildFile; fileRef = 701EFEAB1E2A0D310021851E /* Assets.xcassets */; };
		701EFEAF1E2A0D310021851E /* LaunchScreen.storyboard in Resources */ = {isa = PBXBuildFile; fileRef = 701EFEAD1E2A0D310021851E /* LaunchScreen.storyboard */; };
		701EFEB91E2A0E090021851E /* XMGRemotePlayer.m in Sources */ = {isa = PBXBuildFile; fileRef = 701EFEB81E2A0E090021851E /* XMGRemotePlayer.m */; };
		701EFEBC1E2A276E0021851E /* XMGRemoteResourceLoaderDelegate.m in Sources */ = {isa = PBXBuildFile; fileRef = 701EFEBB1E2A276E0021851E /* XMGRemoteResourceLoaderDelegate.m */; };
		701EFEBF1E2A28650021851E /* NSURL+SZ.m in Sources */ = {isa = PBXBuildFile; fileRef = 701EFEBE1E2A28650021851E /* NSURL+SZ.m */; };
		701EFEC21E2B0F470021851E /* XMGRemoteAudioFile.m in Sources */ = {isa = PBXBuildFile; fileRef = 701EFEC11E2B0F470021851E /* XMGRemoteAudioFile.m */; };
		701EFEC51E2B12D40021851E /* XMGAudioDownLoader.m in Sources */ = {isa = PBXBuildFile; fileRef = 701EFEC41E2B12D40021851E /* XMGAudioDownLoader.m */; };
/* End PBXBuildFile section */

/* Begin PBXFileReference section */
		701EFE9C1E2A0D310021851E /* 播放器.app */ = {isa = PBXFileReference; explicitFileType = wrapper.application; includeInIndex = 0; path = "播放器.app"; sourceTree = BUILT_PRODUCTS_DIR; };
		701EFEA01E2A0D310021851E /* main.m */ = {isa = PBXFileReference; lastKnownFileType = sourcecode.c.objc; path = main.m; sourceTree = "<group>"; };
		701EFEA21E2A0D310021851E /* AppDelegate.h */ = {isa = PBXFileReference; lastKnownFileType = sourcecode.c.h; path = AppDelegate.h; sourceTree = "<group>"; };
		701EFEA31E2A0D310021851E /* AppDelegate.m */ = {isa = PBXFileReference; lastKnownFileType = sourcecode.c.objc; path = AppDelegate.m; sourceTree = "<group>"; };
		701EFEA51E2A0D310021851E /* ViewController.h */ = {isa = PBXFileReference; lastKnownFileType = sourcecode.c.h; path = ViewController.h; sourceTree = "<group>"; };
		701EFEA61E2A0D310021851E /* ViewController.m */ = {isa = PBXFileReference; lastKnownFileType = sourcecode.c.objc; path = ViewController.m; sourceTree = "<group>"; };
		701EFEA91E2A0D310021851E /* Base */ = {isa = PBXFileReference; lastKnownFileType = file.storyboard; name = Base; path = Base.lproj/Main.storyboard; sourceTree = "<group>"; };
		701EFEAB1E2A0D310021851E /* Assets.xcassets */ = {isa = PBXFileReference; lastKnownFileType = folder.assetcatalog; path = Assets.xcassets; sourceTree = "<group>"; };
		701EFEAE1E2A0D310021851E /* Base */ = {isa = PBXFileReference; lastKnownFileType = file.storyboard; name = Base; path = Base.lproj/LaunchScreen.storyboard; sourceTree = "<group>"; };
		701EFEB01E2A0D310021851E /* Info.plist */ = {isa = PBXFileReference; lastKnownFileType = text.plist.xml; path = Info.plist; sourceTree = "<group>"; };
		701EFEB71E2A0E090021851E /* XMGRemotePlayer.h */ = {isa = PBXFileReference; fileEncoding = 4; lastKnownFileType = sourcecode.c.h; path = XMGRemotePlayer.h; sourceTree = "<group>"; };
		701EFEB81E2A0E090021851E /* XMGRemotePlayer.m */ = {isa = PBXFileReference; fileEncoding = 4; lastKnownFileType = sourcecode.c.objc; path = XMGRemotePlayer.m; sourceTree = "<group>"; };
		701EFEBA1E2A276E0021851E /* XMGRemoteResourceLoaderDelegate.h */ = {isa = PBXFileReference; fileEncoding = 4; lastKnownFileType = sourcecode.c.h; path = XMGRemoteResourceLoaderDelegate.h; sourceTree = "<group>"; };
		701EFEBB1E2A276E0021851E /* XMGRemoteResourceLoaderDelegate.m */ = {isa = PBXFileReference; fileEncoding = 4; lastKnownFileType = sourcecode.c.objc; path = XMGRemoteResourceLoaderDelegate.m; sourceTree = "<group>"; };
		701EFEBD1E2A28650021851E /* NSURL+SZ.h */ = {isa = PBXFileReference; fileEncoding = 4; lastKnownFileType = sourcecode.c.h; path = "NSURL+SZ.h"; sourceTree = "<group>"; };
		701EFEBE1E2A28650021851E /* NSURL+SZ.m */ = {isa = PBXFileReference; fileEncoding = 4; lastKnownFileType = sourcecode.c.objc; path = "NSURL+SZ.m"; sourceTree = "<group>"; };
		701EFEC01E2B0F470021851E /* XMGRemoteAudioFile.h */ = {isa = PBXFileReference; fileEncoding = 4; lastKnownFileType = sourcecode.c.h; path = XMGRemoteAudioFile.h; sourceTree = "<group>"; };
		701EFEC11E2B0F470021851E /* XMGRemoteAudioFile.m */ = {isa = PBXFileReference; fileEncoding = 4; lastKnownFileType = sourcecode.c.objc; path = XMGRemoteAudioFile.m; sourceTree = "<group>"; };
		701EFEC31E2B12D40021851E /* XMGAudioDownLoader.h */ = {isa = PBXFileReference; fileEncoding = 4; lastKnownFileType = sourcecode.c.h; path = XMGAudioDownLoader.h; sourceTree = "<group>"; };
		701EFEC41E2B12D40021851E /* XMGAudioDownLoader.m */ = {isa = PBXFileReference; fileEncoding = 4; lastKnownFileType = sourcecode.c.objc; path = XMGAudioDownLoader.m; sourceTree = "<group>"; };
/* End PBXFileReference section */

/* Begin PBXFrameworksBuildPhase section */
		701EFE991E2A0D310021851E /* Frameworks */ = {
			isa = PBXFrameworksBuildPhase;
			buildActionMask = 2147483647;
			files = (
			);
			runOnlyForDeploymentPostprocessing = 0;
		};
/* End PBXFrameworksBuildPhase section */

/* Begin PBXGroup section */
		701EFE931E2A0D310021851E = {
			isa = PBXGroup;
			children = (
				701EFE9E1E2A0D310021851E /* 播放器 */,
				701EFE9D1E2A0D310021851E /* Products */,
			);
			sourceTree = "<group>";
		};
		701EFE9D1E2A0D310021851E /* Products */ = {
			isa = PBXGroup;
			children = (
				701EFE9C1E2A0D310021851E /* 播放器.app */,
			);
			name = Products;
			sourceTree = "<group>";
		};
		701EFE9E1E2A0D310021851E /* 播放器 */ = {
			isa = PBXGroup;
			children = (
				701EFEB61E2A0DF70021851E /* Classes */,
				701EFEA21E2A0D310021851E /* AppDelegate.h */,
				701EFEA31E2A0D310021851E /* AppDelegate.m */,
				701EFEA51E2A0D310021851E /* ViewController.h */,
				701EFEA61E2A0D310021851E /* ViewController.m */,
				701EFEA81E2A0D310021851E /* Main.storyboard */,
				701EFEAB1E2A0D310021851E /* Assets.xcassets */,
				701EFEAD1E2A0D310021851E /* LaunchScreen.storyboard */,
				701EFEB01E2A0D310021851E /* Info.plist */,
				701EFE9F1E2A0D310021851E /* Supporting Files */,
			);
			path = "播放器";
			sourceTree = "<group>";
		};
		701EFE9F1E2A0D310021851E /* Supporting Files */ = {
			isa = PBXGroup;
			children = (
				701EFEA01E2A0D310021851E /* main.m */,
			);
			name = "Supporting Files";
			sourceTree = "<group>";
		};
		701EFEB61E2A0DF70021851E /* Classes */ = {
			isa = PBXGroup;
			children = (
				701EFEB71E2A0E090021851E /* XMGRemotePlayer.h */,
				701EFEB81E2A0E090021851E /* XMGRemotePlayer.m */,
				701EFEBA1E2A276E0021851E /* XMGRemoteResourceLoaderDelegate.h */,
				701EFEBB1E2A276E0021851E /* XMGRemoteResourceLoaderDelegate.m */,
				701EFEC31E2B12D40021851E /* XMGAudioDownLoader.h */,
				701EFEC41E2B12D40021851E /* XMGAudioDownLoader.m */,
				701EFEC01E2B0F470021851E /* XMGRemoteAudioFile.h */,
				701EFEC11E2B0F470021851E /* XMGRemoteAudioFile.m */,
				701EFEBD1E2A28650021851E /* NSURL+SZ.h */,
				701EFEBE1E2A28650021851E /* NSURL+SZ.m */,
			);
			path = Classes;
			sourceTree = "<group>";
		};
/* End PBXGroup section */

/* Begin PBXNativeTarget section */
		701EFE9B1E2A0D310021851E /* 播放器 */ = {
			isa = PBXNativeTarget;
			buildConfigurationList = 701EFEB31E2A0D310021851E /* Build configuration list for PBXNativeTarget "播放器" */;
			buildPhases = (
				701EFE981E2A0D310021851E /* Sources */,
				701EFE991E2A0D310021851E /* Frameworks */,
				701EFE9A1E2A0D310021851E /* Resources */,
			);
			buildRules = (
			);
			dependencies = (
			);
			name = "播放器";
			productName = "播放器";
			productReference = 701EFE9C1E2A0D310021851E /* 播放器.app */;
			productType = "com.apple.product-type.application";
		};
/* End PBXNativeTarget section */

/* Begin PBXProject section */
		701EFE941E2A0D310021851E /* Project object */ = {
			isa = PBXProject;
			attributes = {
				LastUpgradeCheck = 0810;
				ORGANIZATIONNAME = xmg;
				TargetAttributes = {
					701EFE9B1E2A0D310021851E = {
						CreatedOnToolsVersion = 8.1;
						ProvisioningStyle = Automatic;
					};
				};
			};
			buildConfigurationList = 701EFE971E2A0D310021851E /* Build configuration list for PBXProject "播放器" */;
			compatibilityVersion = "Xcode 3.2";
			developmentRegion = English;
			hasScannedForEncodings = 0;
			knownRegions = (
				en,
				Base,
			);
			mainGroup = 701EFE931E2A0D310021851E;
			productRefGroup = 701EFE9D1E2A0D310021851E /* Products */;
			projectDirPath = "";
			projectRoot = "";
			targets = (
				701EFE9B1E2A0D310021851E /* 播放器 */,
			);
		};
/* End PBXProject section */

/* Begin PBXResourcesBuildPhase section */
		701EFE9A1E2A0D310021851E /* Resources */ = {
			isa = PBXResourcesBuildPhase;
			buildActionMask = 2147483647;
			files = (
				701EFEAF1E2A0D310021851E /* LaunchScreen.storyboard in Resources */,
				701EFEAC1E2A0D310021851E /* Assets.xcassets in Resources */,
				701EFEAA1E2A0D310021851E /* Main.storyboard in Resources */,
			);
			runOnlyForDeploymentPostprocessing = 0;
		};
/* End PBXResourcesBuildPhase section */

/* Begin PBXSourcesBuildPhase section */
		701EFE981E2A0D310021851E /* Sources */ = {
			isa = PBXSourcesBuildPhase;
			buildActionMask = 2147483647;
			files = (
				701EFEA71E2A0D310021851E /* ViewController.m in Sources */,
				701EFEBC1E2A276E0021851E /* XMGRemoteResourceLoaderDelegate.m in Sources */,
				701EFEB91E2A0E090021851E /* XMGRemotePlayer.m in Sources */,
				701EFEA41E2A0D310021851E /* AppDelegate.m in Sources */,
				701EFEC51E2B12D40021851E /* XMGAudioDownLoader.m in Sources */,
				701EFEA11E2A0D310021851E /* main.m in Sources */,
				701EFEC21E2B0F470021851E /* XMGRemoteAudioFile.m in Sources */,
				701EFEBF1E2A28650021851E /* NSURL+SZ.m in Sources */,
			);
			runOnlyForDeploymentPostprocessing = 0;
		};
/* End PBXSourcesBuildPhase section */

/* Begin PBXVariantGroup section */
		701EFEA81E2A0D310021851E /* Main.storyboard */ = {
			isa = PBXVariantGroup;
			children = (
				701EFEA91E2A0D310021851E /* Base */,
			);
			name = Main.storyboard;
			sourceTree = "<group>";
		};
		701EFEAD1E2A0D310021851E /* LaunchScreen.storyboard */ = {
			isa = PBXVariantGroup;
			children = (
				701EFEAE1E2A0D310021851E /* Base */,
			);
			name = LaunchScreen.storyboard;
			sourceTree = "<group>";
		};
/* End PBXVariantGroup section */

/* Begin XCBuildConfiguration section */
		701EFEB11E2A0D310021851E /* Debug */ = {
			isa = XCBuildConfiguration;
			buildSettings = {
				ALWAYS_SEARCH_USER_PATHS = NO;
				CLANG_ANALYZER_NONNULL = YES;
				CLANG_CXX_LANGUAGE_STANDARD = "gnu++0x";
				CLANG_CXX_LIBRARY = "libc++";
				CLANG_ENABLE_MODULES = YES;
				CLANG_ENABLE_OBJC_ARC = YES;
				CLANG_WARN_BOOL_CONVERSION = YES;
				CLANG_WARN_CONSTANT_CONVERSION = YES;
				CLANG_WARN_DIRECT_OBJC_ISA_USAGE = YES_ERROR;
				CLANG_WARN_DOCUMENTATION_COMMENTS = YES;
				CLANG_WARN_EMPTY_BODY = YES;
				CLANG_WARN_ENUM_CONVERSION = YES;
				CLANG_WARN_INFINITE_RECURSION = YES;
				CLANG_WARN_INT_CONVERSION = YES;
				CLANG_WARN_OBJC_ROOT_CLASS = YES_ERROR;
				CLANG_WARN_SUSPICIOUS_MOVES = YES;
				CLANG_WARN_UNREACHABLE_CODE = YES;
				CLANG_WARN__DUPLICATE_METHOD_MATCH = YES;
				"CODE_SIGN_IDENTITY[sdk=iphoneos*]" = "iPhone Developer";
				COPY_PHASE_STRIP = NO;
				DEBUG_INFORMATION_FORMAT = dwarf;
				ENABLE_STRICT_OBJC_MSGSEND = YES;
				ENABLE_TESTABILITY = YES;
				GCC_C_LANGUAGE_STANDARD = gnu99;
				GCC_DYNAMIC_NO_PIC = NO;
				GCC_NO_COMMON_BLOCKS = YES;
				GCC_OPTIMIZATION_LEVEL = 0;
				GCC_PREPROCESSOR_DEFINITIONS = (
					"DEBUG=1",
					"$(inherited)",
				);
				GCC_WARN_64_TO_32_BIT_CONVERSION = YES;
				GCC_WARN_ABOUT_RETURN_TYPE = YES_ERROR;
				GCC_WARN_UNDECLARED_SELECTOR = YES;
				GCC_WARN_UNINITIALIZED_AUTOS = YES_AGGRESSIVE;
				GCC_WARN_UNUSED_FUNCTION = YES;
				GCC_WARN_UNUSED_VARIABLE = YES;
				IPHONEOS_DEPLOYMENT_TARGET = 10.1;
				MTL_ENABLE_DEBUG_INFO = YES;
				ONLY_ACTIVE_ARCH = YES;
				SDKROOT = iphoneos;
			};
			name = Debug;
		};
		701EFEB21E2A0D310021851E /* Release */ = {
			isa = XCBuildConfiguration;
			buildSettings = {
				ALWAYS_SEARCH_USER_PATHS = NO;
				CLANG_ANALYZER_NONNULL = YES;
				CLANG_CXX_LANGUAGE_STANDARD = "gnu++0x";
				CLANG_CXX_LIBRARY = "libc++";
				CLANG_ENABLE_MODULES = YES;
				CLANG_ENABLE_OBJC_ARC = YES;
				CLANG_WARN_BOOL_CONVERSION = YES;
				CLANG_WARN_CONSTANT_CONVERSION = YES;
				CLANG_WARN_DIRECT_OBJC_ISA_USAGE = YES_ERROR;
				CLANG_WARN_DOCUMENTATION_COMMENTS = YES;
				CLANG_WARN_EMPTY_BODY = YES;
				CLANG_WARN_ENUM_CONVERSION = YES;
				CLANG_WARN_INFINITE_RECURSION = YES;
				CLANG_WARN_INT_CONVERSION = YES;
				CLANG_WARN_OBJC_ROOT_CLASS = YES_ERROR;
				CLANG_WARN_SUSPICIOUS_MOVES = YES;
				CLANG_WARN_UNREACHABLE_CODE = YES;
				CLANG_WARN__DUPLICATE_METHOD_MATCH = YES;
				"CODE_SIGN_IDENTITY[sdk=iphoneos*]" = "iPhone Developer";
				COPY_PHASE_STRIP = NO;
				DEBUG_INFORMATION_FORMAT = "dwarf-with-dsym";
				ENABLE_NS_ASSERTIONS = NO;
				ENABLE_STRICT_OBJC_MSGSEND = YES;
				GCC_C_LANGUAGE_STANDARD = gnu99;
				GCC_NO_COMMON_BLOCKS = YES;
				GCC_WARN_64_TO_32_BIT_CONVERSION = YES;
				GCC_WARN_ABOUT_RETURN_TYPE = YES_ERROR;
				GCC_WARN_UNDECLARED_SELECTOR = YES;
				GCC_WARN_UNINITIALIZED_AUTOS = YES_AGGRESSIVE;
				GCC_WARN_UNUSED_FUNCTION = YES;
				GCC_WARN_UNUSED_VARIABLE = YES;
				IPHONEOS_DEPLOYMENT_TARGET = 10.1;
				MTL_ENABLE_DEBUG_INFO = NO;
				SDKROOT = iphoneos;
				VALIDATE_PRODUCT = YES;
			};
			name = Release;
		};
		701EFEB41E2A0D310021851E /* Debug */ = {
			isa = XCBuildConfiguration;
			buildSettings = {
				ASSETCATALOG_COMPILER_APPICON_NAME = AppIcon;
				INFOPLIST_FILE = "播放器/Info.plist";
				IPHONEOS_DEPLOYMENT_TARGET = 10.0;
				LD_RUNPATH_SEARCH_PATHS = "$(inherited) @executable_path/Frameworks";
				PRODUCT_BUNDLE_IDENTIFIER = "com.520it.---";
				PRODUCT_NAME = "$(TARGET_NAME)";
			};
			name = Debug;
		};
		701EFEB51E2A0D310021851E /* Release */ = {
			isa = XCBuildConfiguration;
			buildSettings = {
				ASSETCATALOG_COMPILER_APPICON_NAME = AppIcon;
				INFOPLIST_FILE = "播放器/Info.plist";
				IPHONEOS_DEPLOYMENT_TARGET = 10.0;
				LD_RUNPATH_SEARCH_PATHS = "$(inherited) @executable_path/Frameworks";
				PRODUCT_BUNDLE_IDENTIFIER = "com.520it.---";
				PRODUCT_NAME = "$(TARGET_NAME)";
			};
			name = Release;
		};
/* End XCBuildConfiguration section */

/* Begin XCConfigurationList section */
		701EFE971E2A0D310021851E /* Build configuration list for PBXProject "播放器" */ = {
			isa = XCConfigurationList;
			buildConfigurations = (
				701EFEB11E2A0D310021851E /* Debug */,
				701EFEB21E2A0D310021851E /* Release */,
			);
			defaultConfigurationIsVisible = 0;
			defaultConfigurationName = Release;
		};
		701EFEB31E2A0D310021851E /* Build configuration list for PBXNativeTarget "播放器" */ = {
			isa = XCConfigurationList;
			buildConfigurations = (
				701EFEB41E2A0D310021851E /* Debug */,
				701EFEB51E2A0D310021851E /* Release */,
			);
			defaultConfigurationIsVisible = 0;
			defaultConfigurationName = Release;
		};
/* End XCConfigurationList section */
	};
	rootObject = 701EFE941E2A0D310021851E /* Project object */;
}
